
Microsoft Visual Studio Solution File, Format Version 12.00
# Visual Studio Version 17
VisualStudioVersion = 17.10.35027.167
MinimumVisualStudioVersion = 10.0.40219.1
Project("{9A19103F-16F7-4668-BE54-9A1E7A4F7556}") = "NewsLetter.Api", "NewsLetter.Api\NewsLetter.Api.csproj", "{14C7D2BF-198D-4355-A0C4-C55CCEEAF1F8}"
EndProject
Project("{9A19103F-16F7-4668-BE54-9A1E7A4F7556}") = "NewsLetterReporting.Api", "NewsLetterReporting.Api\NewsLetterReporting.Api.csproj", "{8B5FC0BC-6A4C-4957-BA5A-20587CD814DD}"
EndProject
Project("{2150E333-8FDC-42A3-9474-1A3956D46DE8}") = "Solution Items", "Solution Items", "{29156AD1-FF55-45C0-B6C0-A39D25D53CB2}"
	ProjectSection(SolutionItems) = preProject
		.editorconfig = .editorconfig
	EndProjectSection
EndProject
Project("{9A19103F-16F7-4668-BE54-9A1E7A4F7556}") = "NewsLetter.Shared", "NewsLetter.Shared\NewsLetter.Shared.csproj", "{4D89C87F-ACB5-450B-8F33-39D866D50922}"
EndProject
Project("{E53339B2-1760-4266-BCC7-CA923CBCF16C}") = "docker-compose", "docker-compose.dcproj", "{C02EA036-9050-4CF9-8E83-2A91BB70FE31}"
EndProject
Global
	GlobalSection(SolutionConfigurationPlatforms) = preSolution
		Debug|Any CPU = Debug|Any CPU
		Release|Any CPU = Release|Any CPU
	EndGlobalSection
	GlobalSection(ProjectConfigurationPlatforms) = postSolution
		{14C7D2BF-198D-4355-A0C4-C55CCEEAF1F8}.Debug|Any CPU.ActiveCfg = Debug|Any CPU
		{14C7D2BF-198D-4355-A0C4-C55CCEEAF1F8}.Debug|Any CPU.Build.0 = Debug|Any CPU
		{14C7D2BF-198D-4355-A0C4-C55CCEEAF1F8}.Release|Any CPU.ActiveCfg = Release|Any CPU
		{14C7D2BF-198D-4355-A0C4-C55CCEEAF1F8}.Release|Any CPU.Build.0 = Release|Any CPU
		{8B5FC0BC-6A4C-4957-BA5A-20587CD814DD}.Debug|Any CPU.ActiveCfg = Debug|Any CPU
		{8B5FC0BC-6A4C-4957-BA5A-20587CD814DD}.Debug|Any CPU.Build.0 = Debug|Any CPU
		{8B5FC0BC-6A4C-4957-BA5A-20587CD814DD}.Release|Any CPU.ActiveCfg = Release|Any CPU
		{8B5FC0BC-6A4C-4957-BA5A-20587CD814DD}.Release|Any CPU.Build.0 = Release|Any CPU
		{4D89C87F-ACB5-450B-8F33-39D866D50922}.Debug|Any CPU.ActiveCfg = Debug|Any CPU
		{4D89C87F-ACB5-450B-8F33-39D866D50922}.Debug|Any CPU.Build.0 = Debug|Any CPU
		{4D89C87F-ACB5-450B-8F33-39D866D50922}.Release|Any CPU.ActiveCfg = Release|Any CPU
		{4D89C87F-ACB5-450B-8F33-39D866D50922}.Release|Any CPU.Build.0 = Release|Any CPU
		{C02EA036-9050-4CF9-8E83-2A91BB70FE31}.Debug|Any CPU.ActiveCfg = Debug|Any CPU
		{C02EA036-9050-4CF9-8E83-2A91BB70FE31}.Debug|Any CPU.Build.0 = Debug|Any CPU
		{C02EA036-9050-4CF9-8E83-2A91BB70FE31}.Release|Any CPU.ActiveCfg = Release|Any CPU
		{C02EA036-9050-4CF9-8E83-2A91BB70FE31}.Release|Any CPU.Build.0 = Release|Any CPU
	EndGlobalSection
	GlobalSection(SolutionProperties) = preSolution
		HideSolutionNode = FALSE
	EndGlobalSection
	GlobalSection(ExtensibilityGlobals) = postSolution
		SolutionGuid = {2C3E86EC-6DCC-4E65-A938-3FC45DB3AF3E}
	EndGlobalSection
EndGlobal
